
Microsoft Visual Studio Solution File, Format Version 12.00
# Visual Studio Version 16
VisualStudioVersion = 16.0.32228.343
MinimumVisualStudioVersion = 10.0.40219.1
Project("{FAE04EC0-301F-11D3-BF4B-00C04F79EFBC}") = "ControleDeEstoque", "ControleDeEstoque\ControleDeEstoque.csproj", "{BE39688B-77BA-427E-871B-9F7C387DCC88}"
EndProject
Global
	GlobalSection(SolutionConfigurationPlatforms) = preSolution
		Debug|Any CPU = Debug|Any CPU
		Release|Any CPU = Release|Any CPU
	EndGlobalSection
	GlobalSection(ProjectConfigurationPlatforms) = postSolution
		{BE39688B-77BA-427E-871B-9F7C387DCC88}.Debug|Any CPU.ActiveCfg = Debug|Any CPU
		{BE39688B-77BA-427E-871B-9F7C387DCC88}.Debug|Any CPU.Build.0 = Debug|Any CPU
		{BE39688B-77BA-427E-871B-9F7C387DCC88}.Release|Any CPU.ActiveCfg = Release|Any CPU
		{BE39688B-77BA-427E-871B-9F7C387DCC88}.Release|Any CPU.Build.0 = Release|Any CPU
	EndGlobalSection
	GlobalSection(SolutionProperties) = preSolution
		HideSolutionNode = FALSE
	EndGlobalSection
	GlobalSection(ExtensibilityGlobals) = postSolution
		SolutionGuid = {CDC18BCD-B09C-4194-9473-5BB02A032E89}
	EndGlobalSection
EndGlobal
