
Microsoft Visual Studio Solution File, Format Version 12.00
# Visual Studio Version 16
VisualStudioVersion = 16.0.32228.343
MinimumVisualStudioVersion = 10.0.40219.1
Project("{FAE04EC0-301F-11D3-BF4B-00C04F79EFBC}") = "Quiz10Perguntas", "Quiz10Perguntas\Quiz10Perguntas.csproj", "{81E00ACF-6353-4618-86AD-ABF7C5FC74B1}"
EndProject
Global
	GlobalSection(SolutionConfigurationPlatforms) = preSolution
		Debug|Any CPU = Debug|Any CPU
		Release|Any CPU = Release|Any CPU
	EndGlobalSection
	GlobalSection(ProjectConfigurationPlatforms) = postSolution
		{81E00ACF-6353-4618-86AD-ABF7C5FC74B1}.Debug|Any CPU.ActiveCfg = Debug|Any CPU
		{81E00ACF-6353-4618-86AD-ABF7C5FC74B1}.Debug|Any CPU.Build.0 = Debug|Any CPU
		{81E00ACF-6353-4618-86AD-ABF7C5FC74B1}.Release|Any CPU.ActiveCfg = Release|Any CPU
		{81E00ACF-6353-4618-86AD-ABF7C5FC74B1}.Release|Any CPU.Build.0 = Release|Any CPU
	EndGlobalSection
	GlobalSection(SolutionProperties) = preSolution
		HideSolutionNode = FALSE
	EndGlobalSection
	GlobalSection(ExtensibilityGlobals) = postSolution
		SolutionGuid = {B0FC9C7E-D06A-4281-A057-40CCA700C01B}
	EndGlobalSection
EndGlobal
