
Microsoft Visual Studio Solution File, Format Version 12.00
# Visual Studio Version 16
VisualStudioVersion = 16.0.32228.343
MinimumVisualStudioVersion = 10.0.40219.1
Project("{FAE04EC0-301F-11D3-BF4B-00C04F79EFBC}") = "Calculador", "Calculador\Calculador.csproj", "{378821FF-264C-4ABA-9FAC-3489B501BA45}"
EndProject
Global
	GlobalSection(SolutionConfigurationPlatforms) = preSolution
		Debug|Any CPU = Debug|Any CPU
		Release|Any CPU = Release|Any CPU
	EndGlobalSection
	GlobalSection(ProjectConfigurationPlatforms) = postSolution
		{378821FF-264C-4ABA-9FAC-3489B501BA45}.Debug|Any CPU.ActiveCfg = Debug|Any CPU
		{378821FF-264C-4ABA-9FAC-3489B501BA45}.Debug|Any CPU.Build.0 = Debug|Any CPU
		{378821FF-264C-4ABA-9FAC-3489B501BA45}.Release|Any CPU.ActiveCfg = Release|Any CPU
		{378821FF-264C-4ABA-9FAC-3489B501BA45}.Release|Any CPU.Build.0 = Release|Any CPU
	EndGlobalSection
	GlobalSection(SolutionProperties) = preSolution
		HideSolutionNode = FALSE
	EndGlobalSection
	GlobalSection(ExtensibilityGlobals) = postSolution
		SolutionGuid = {7136D41F-F6A9-48D5-A994-C55C5B7498BA}
	EndGlobalSection
EndGlobal
