
Microsoft Visual Studio Solution File, Format Version 12.00
# Visual Studio Version 16
VisualStudioVersion = 16.0.32228.343
MinimumVisualStudioVersion = 10.0.40219.1
Project("{FAE04EC0-301F-11D3-BF4B-00C04F79EFBC}") = "ProjetinhoGordola", "ProjetinhoGordola\ProjetinhoGordola.csproj", "{C58232E8-46D8-4529-B6B9-DED8FC1F54AF}"
EndProject
Global
	GlobalSection(SolutionConfigurationPlatforms) = preSolution
		Debug|Any CPU = Debug|Any CPU
		Release|Any CPU = Release|Any CPU
	EndGlobalSection
	GlobalSection(ProjectConfigurationPlatforms) = postSolution
		{C58232E8-46D8-4529-B6B9-DED8FC1F54AF}.Debug|Any CPU.ActiveCfg = Debug|Any CPU
		{C58232E8-46D8-4529-B6B9-DED8FC1F54AF}.Debug|Any CPU.Build.0 = Debug|Any CPU
		{C58232E8-46D8-4529-B6B9-DED8FC1F54AF}.Release|Any CPU.ActiveCfg = Release|Any CPU
		{C58232E8-46D8-4529-B6B9-DED8FC1F54AF}.Release|Any CPU.Build.0 = Release|Any CPU
	EndGlobalSection
	GlobalSection(SolutionProperties) = preSolution
		HideSolutionNode = FALSE
	EndGlobalSection
	GlobalSection(ExtensibilityGlobals) = postSolution
		SolutionGuid = {4CC73CBD-FF87-4F51-9D66-435F91A41823}
	EndGlobalSection
EndGlobal
