
Microsoft Visual Studio Solution File, Format Version 12.00
# Visual Studio Version 16
VisualStudioVersion = 16.0.32413.511
MinimumVisualStudioVersion = 10.0.40219.1
Project("{FAE04EC0-301F-11D3-BF4B-00C04F79EFBC}") = "OOP", "OOP\OOP.csproj", "{789F35E4-7B39-437C-B928-55CE2DA6CED8}"
EndProject
Global
	GlobalSection(SolutionConfigurationPlatforms) = preSolution
		Debug|Any CPU = Debug|Any CPU
		Release|Any CPU = Release|Any CPU
	EndGlobalSection
	GlobalSection(ProjectConfigurationPlatforms) = postSolution
		{789F35E4-7B39-437C-B928-55CE2DA6CED8}.Debug|Any CPU.ActiveCfg = Debug|Any CPU
		{789F35E4-7B39-437C-B928-55CE2DA6CED8}.Debug|Any CPU.Build.0 = Debug|Any CPU
		{789F35E4-7B39-437C-B928-55CE2DA6CED8}.Release|Any CPU.ActiveCfg = Release|Any CPU
		{789F35E4-7B39-437C-B928-55CE2DA6CED8}.Release|Any CPU.Build.0 = Release|Any CPU
	EndGlobalSection
	GlobalSection(SolutionProperties) = preSolution
		HideSolutionNode = FALSE
	EndGlobalSection
	GlobalSection(ExtensibilityGlobals) = postSolution
		SolutionGuid = {4054A678-D120-42F0-8236-31CA8736C930}
	EndGlobalSection
EndGlobal
